
Microsoft Visual Studio Solution File, Format Version 12.00
# Visual Studio Version 17
VisualStudioVersion = 17.0.31903.59
MinimumVisualStudioVersion = 10.0.40219.1
Project("{FAE04EC0-301F-11D3-BF4B-00C04F79EFBC}") = "Travelport.AirportRegistration.WebApi", "src\Travelport.AirportRegistration.WebApi\Travelport.AirportRegistration.WebApi.csproj", "{EC4EEAA3-D85C-4943-A31A-6ED109901B77}"
EndProject
Project("{2150E333-8FDC-42A3-9474-1A3956D46DE8}") = "src", "src", "{5101772B-3C81-42A4-839E-1087E53B3ED0}"
EndProject
Project("{FAE04EC0-301F-11D3-BF4B-00C04F79EFBC}") = "Travelport.AirportRegistration.Domain", "src\Travelport.AirportRegistration.Domain\Travelport.AirportRegistration.Domain.csproj", "{84D19F3A-ADE0-4D8C-9C6D-DBA675A2B6E5}"
EndProject
Project("{FAE04EC0-301F-11D3-BF4B-00C04F79EFBC}") = "Travelport.AirportRegistration.Application", "src\Travelport.AirportRegistration.Application\Travelport.AirportRegistration.Application.csproj", "{0C08F4C8-EA45-4C74-975C-DEA8B85FBAA6}"
EndProject
Project("{FAE04EC0-301F-11D3-BF4B-00C04F79EFBC}") = "Travelport.AirportRegistration.Infrastructure", "src\Travelport.AirportRegistration.Infrastructure\Travelport.AirportRegistration.Infrastructure.csproj", "{C4154624-DBB7-4E66-AE7E-9C396E2F9594}"
EndProject
Global
	GlobalSection(SolutionConfigurationPlatforms) = preSolution
		Debug|Any CPU = Debug|Any CPU
		Release|Any CPU = Release|Any CPU
	EndGlobalSection
	GlobalSection(ProjectConfigurationPlatforms) = postSolution
		{EC4EEAA3-D85C-4943-A31A-6ED109901B77}.Debug|Any CPU.ActiveCfg = Debug|Any CPU
		{EC4EEAA3-D85C-4943-A31A-6ED109901B77}.Debug|Any CPU.Build.0 = Debug|Any CPU
		{EC4EEAA3-D85C-4943-A31A-6ED109901B77}.Release|Any CPU.ActiveCfg = Release|Any CPU
		{EC4EEAA3-D85C-4943-A31A-6ED109901B77}.Release|Any CPU.Build.0 = Release|Any CPU
		{84D19F3A-ADE0-4D8C-9C6D-DBA675A2B6E5}.Debug|Any CPU.ActiveCfg = Debug|Any CPU
		{84D19F3A-ADE0-4D8C-9C6D-DBA675A2B6E5}.Debug|Any CPU.Build.0 = Debug|Any CPU
		{84D19F3A-ADE0-4D8C-9C6D-DBA675A2B6E5}.Release|Any CPU.ActiveCfg = Release|Any CPU
		{84D19F3A-ADE0-4D8C-9C6D-DBA675A2B6E5}.Release|Any CPU.Build.0 = Release|Any CPU
		{0C08F4C8-EA45-4C74-975C-DEA8B85FBAA6}.Debug|Any CPU.ActiveCfg = Debug|Any CPU
		{0C08F4C8-EA45-4C74-975C-DEA8B85FBAA6}.Debug|Any CPU.Build.0 = Debug|Any CPU
		{0C08F4C8-EA45-4C74-975C-DEA8B85FBAA6}.Release|Any CPU.ActiveCfg = Release|Any CPU
		{0C08F4C8-EA45-4C74-975C-DEA8B85FBAA6}.Release|Any CPU.Build.0 = Release|Any CPU
		{C4154624-DBB7-4E66-AE7E-9C396E2F9594}.Debug|Any CPU.ActiveCfg = Debug|Any CPU
		{C4154624-DBB7-4E66-AE7E-9C396E2F9594}.Debug|Any CPU.Build.0 = Debug|Any CPU
		{C4154624-DBB7-4E66-AE7E-9C396E2F9594}.Release|Any CPU.ActiveCfg = Release|Any CPU
		{C4154624-DBB7-4E66-AE7E-9C396E2F9594}.Release|Any CPU.Build.0 = Release|Any CPU
	EndGlobalSection
	GlobalSection(SolutionProperties) = preSolution
		HideSolutionNode = FALSE
	EndGlobalSection
	GlobalSection(NestedProjects) = preSolution
		{EC4EEAA3-D85C-4943-A31A-6ED109901B77} = {5101772B-3C81-42A4-839E-1087E53B3ED0}
		{84D19F3A-ADE0-4D8C-9C6D-DBA675A2B6E5} = {5101772B-3C81-42A4-839E-1087E53B3ED0}
		{0C08F4C8-EA45-4C74-975C-DEA8B85FBAA6} = {5101772B-3C81-42A4-839E-1087E53B3ED0}
		{C4154624-DBB7-4E66-AE7E-9C396E2F9594} = {5101772B-3C81-42A4-839E-1087E53B3ED0}
	EndGlobalSection
EndGlobal
